
Microsoft Visual Studio Solution File, Format Version 12.00
# Visual Studio 15
VisualStudioVersion = 15.0.27004.2008
MinimumVisualStudioVersion = 10.0.40219.1
Project("{8BC9CEB8-8B4A-11D0-8D11-00A0C91BC942}") = "isharp", "isharp\isharp.vcxproj", "{8AF63C07-B15B-4D69-BB85-2444FAF790E5}"
EndProject
Project("{FAE04EC0-301F-11D3-BF4B-00C04F79EFBC}") = "Mouse Sharp Editor", "..\Mouse Sharp Editor\Mouse Sharp Editor.csproj", "{86F2E103-4CE8-4A0C-A465-E9A9EA30FA0F}"
EndProject
Global
	GlobalSection(SolutionConfigurationPlatforms) = preSolution
		Debug|Any CPU = Debug|Any CPU
		Debug|x64 = Debug|x64
		Debug|x86 = Debug|x86
		Release|Any CPU = Release|Any CPU
		Release|x64 = Release|x64
		Release|x86 = Release|x86
	EndGlobalSection
	GlobalSection(ProjectConfigurationPlatforms) = postSolution
		{8AF63C07-B15B-4D69-BB85-2444FAF790E5}.Debug|Any CPU.ActiveCfg = Debug|Win32
		{8AF63C07-B15B-4D69-BB85-2444FAF790E5}.Debug|x64.ActiveCfg = Debug|x64
		{8AF63C07-B15B-4D69-BB85-2444FAF790E5}.Debug|x64.Build.0 = Debug|x64
		{8AF63C07-B15B-4D69-BB85-2444FAF790E5}.Debug|x86.ActiveCfg = Debug|Win32
		{8AF63C07-B15B-4D69-BB85-2444FAF790E5}.Debug|x86.Build.0 = Debug|Win32
		{8AF63C07-B15B-4D69-BB85-2444FAF790E5}.Release|Any CPU.ActiveCfg = Release|Win32
		{8AF63C07-B15B-4D69-BB85-2444FAF790E5}.Release|x64.ActiveCfg = Release|x64
		{8AF63C07-B15B-4D69-BB85-2444FAF790E5}.Release|x64.Build.0 = Release|x64
		{8AF63C07-B15B-4D69-BB85-2444FAF790E5}.Release|x86.ActiveCfg = Release|Win32
		{8AF63C07-B15B-4D69-BB85-2444FAF790E5}.Release|x86.Build.0 = Release|Win32
		{86F2E103-4CE8-4A0C-A465-E9A9EA30FA0F}.Debug|Any CPU.ActiveCfg = Debug|Any CPU
		{86F2E103-4CE8-4A0C-A465-E9A9EA30FA0F}.Debug|Any CPU.Build.0 = Debug|Any CPU
		{86F2E103-4CE8-4A0C-A465-E9A9EA30FA0F}.Debug|x64.ActiveCfg = Debug|Any CPU
		{86F2E103-4CE8-4A0C-A465-E9A9EA30FA0F}.Debug|x64.Build.0 = Debug|Any CPU
		{86F2E103-4CE8-4A0C-A465-E9A9EA30FA0F}.Debug|x86.ActiveCfg = Debug|Any CPU
		{86F2E103-4CE8-4A0C-A465-E9A9EA30FA0F}.Debug|x86.Build.0 = Debug|Any CPU
		{86F2E103-4CE8-4A0C-A465-E9A9EA30FA0F}.Release|Any CPU.ActiveCfg = Release|Any CPU
		{86F2E103-4CE8-4A0C-A465-E9A9EA30FA0F}.Release|Any CPU.Build.0 = Release|Any CPU
		{86F2E103-4CE8-4A0C-A465-E9A9EA30FA0F}.Release|x64.ActiveCfg = Release|Any CPU
		{86F2E103-4CE8-4A0C-A465-E9A9EA30FA0F}.Release|x64.Build.0 = Release|Any CPU
		{86F2E103-4CE8-4A0C-A465-E9A9EA30FA0F}.Release|x86.ActiveCfg = Release|Any CPU
		{86F2E103-4CE8-4A0C-A465-E9A9EA30FA0F}.Release|x86.Build.0 = Release|Any CPU
	EndGlobalSection
	GlobalSection(SolutionProperties) = preSolution
		HideSolutionNode = FALSE
	EndGlobalSection
	GlobalSection(ExtensibilityGlobals) = postSolution
		SolutionGuid = {81D7A6BA-E1A3-4D5F-BE17-F39E4C35BC5F}
	EndGlobalSection
EndGlobal
